PODS:
  - boost-for-react-native (1.63.0)
  - CocoaAsyncSocket (7.6.5)
  - DoubleConversion (1.1.6)
  - EXApplication (4.0.2):
    - ExpoModulesCore
  - EXAV (10.2.1):
    - ExpoModulesCore
    - ReactCommon/turbomodule/core
  - EXConstants (13.0.2):
    - ExpoModulesCore
  - EXDevice (4.1.1):
    - ExpoModulesCore
  - EXErrorRecovery (3.0.5):
    - ExpoModulesCore
  - EXFileSystem (13.1.4):
    - ExpoModulesCore
  - EXFont (10.0.5):
    - ExpoModulesCore
  - EXImageLoader (3.0.0):
    - ExpoModulesCore
    - React-Core
  - EXJSONUtils (0.2.1)
  - EXKeepAwake (10.0.2):
    - ExpoModulesCore
  - EXManifests (0.2.4):
    - EXJSONUtils
  - Expo (44.0.6):
    - ExpoModulesCore
  - ExpoLinearGradient (11.0.3):
    - ExpoModulesCore
  - ExpoModulesCore (0.6.5):
    - React-Core
    - ReactCommon/turbomodule/core
  - EXSecureStore (11.1.1):
    - ExpoModulesCore
  - EXSplashScreen (0.14.2):
    - ExpoModulesCore
    - React-Core
  - EXStructuredHeaders (2.1.1)
  - EXUpdates (0.11.6):
    - EXManifests
    - ExpoModulesCore
    - EXStructuredHeaders
    - EXUpdatesInterface
    - React-Core
  - EXUpdatesInterface (0.5.1)
  - EXWebBrowser (10.1.1):
    - ExpoModulesCore
  - FBLazyVector (0.64.3)
  - FBReactNativeSpec (0.64.3):
    - RCT-Folly (= 2020.01.13.00)
    - RCTRequired (= 0.64.3)
    - RCTTypeSafety (= 0.64.3)
    - React-Core (= 0.64.3)
    - React-jsi (= 0.64.3)
    - ReactCommon/turbomodule/core (= 0.64.3)
  - Firebase/CoreOnly (8.15.0):
    - FirebaseCore (= 8.15.0)
  - Firebase/Messaging (8.15.0):
    - Firebase/CoreOnly
    - FirebaseMessaging (~> 8.15.0)
  - FirebaseCore (8.15.0):
    - FirebaseCoreDiagnostics (~> 8.0)
    - GoogleUtilities/Environment (~> 7.7)
    - GoogleUtilities/Logger (~> 7.7)
  - FirebaseCoreDiagnostics (8.15.0):
    - GoogleDataTransport (~> 9.1)
    - GoogleUtilities/Environment (~> 7.7)
    - GoogleUtilities/Logger (~> 7.7)
    - nanopb (~> 2.30908.0)
  - FirebaseInstallations (8.15.0):
    - FirebaseCore (~> 8.0)
    - GoogleUtilities/Environment (~> 7.7)
    - GoogleUtilities/UserDefaults (~> 7.7)
    - PromisesObjC (< 3.0, >= 1.2)
  - FirebaseMessaging (8.15.0):
    - FirebaseCore (~> 8.0)
    - FirebaseInstallations (~> 8.0)
    - GoogleDataTransport (~> 9.1)
    - GoogleUtilities/AppDelegateSwizzler (~> 7.7)
    - GoogleUtilities/Environment (~> 7.7)
    - GoogleUtilities/Reachability (~> 7.7)
    - GoogleUtilities/UserDefaults (~> 7.7)
    - nanopb (~> 2.30908.0)
  - Flipper (0.140.0):
    - Flipper-Folly (~> 2.6)
  - Flipper-Boost-iOSX (1.76.0.1.11)
  - Flipper-DoubleConversion (1.1.7)
  - Flipper-Fmt (7.1.7)
  - Flipper-Folly (2.6.10):
    - Flipper-Boost-iOSX
    - Flipper-DoubleConversion
    - Flipper-Fmt (= 7.1.7)
    - Flipper-Glog
    - libevent (~> 2.1.12)
    - OpenSSL-Universal (= 1.1.1100)
  - Flipper-Glog (0.3.6)
  - Flipper-PeerTalk (0.0.4)
  - Flipper-RSocket (1.4.3):
    - Flipper-Folly (~> 2.6)
  - FlipperKit (0.140.0):
    - FlipperKit/Core (= 0.140.0)
  - FlipperKit/Core (0.140.0):
    - Flipper (~> 0.140.0)
    - FlipperKit/CppBridge
    - FlipperKit/FBCxxFollyDynamicConvert
    - FlipperKit/FBDefines
    - FlipperKit/FKPortForwarding
    - SocketRocket (~> 0.6.0)
  - FlipperKit/CppBridge (0.140.0):
    - Flipper (~> 0.140.0)
  - FlipperKit/FBCxxFollyDynamicConvert (0.140.0):
    - Flipper-Folly (~> 2.6)
  - FlipperKit/FBDefines (0.140.0)
  - FlipperKit/FKPortForwarding (0.140.0):
    - CocoaAsyncSocket (~> 7.6)
    - Flipper-PeerTalk (~> 0.0.4)
  - FlipperKit/FlipperKitHighlightOverlay (0.140.0)
  - FlipperKit/FlipperKitLayoutHelpers (0.140.0):
    - FlipperKit/Core
    - FlipperKit/FlipperKitHighlightOverlay
    - FlipperKit/FlipperKitLayoutTextSearchable
  - FlipperKit/FlipperKitLayoutIOSDescriptors (0.140.0):
    - FlipperKit/Core
    - FlipperKit/FlipperKitHighlightOverlay
    - FlipperKit/FlipperKitLayoutHelpers
    - YogaKit (~> 1.18)
  - FlipperKit/FlipperKitLayoutPlugin (0.140.0):
    - FlipperKit/Core
    - FlipperKit/FlipperKitHighlightOverlay
    - FlipperKit/FlipperKitLayoutHelpers
    - FlipperKit/FlipperKitLayoutIOSDescriptors
    - FlipperKit/FlipperKitLayoutTextSearchable
    - YogaKit (~> 1.18)
  - FlipperKit/FlipperKitLayoutTextSearchable (0.140.0)
  - FlipperKit/FlipperKitNetworkPlugin (0.140.0):
    - FlipperKit/Core
  - FlipperKit/FlipperKitReactPlugin (0.140.0):
    - FlipperKit/Core
  - FlipperKit/FlipperKitUserDefaultsPlugin (0.140.0):
    - FlipperKit/Core
  - FlipperKit/SKIOSNetworkPlugin (0.140.0):
    - FlipperKit/Core
    - FlipperKit/FlipperKitNetworkPlugin
  - glog (0.3.5)
  - GoogleDataTransport (9.1.2):
    - GoogleUtilities/Environment (~> 7.2)
    - nanopb (~> 2.30908.0)
    - PromisesObjC (< 3.0, >= 1.2)
  - GoogleUtilities/AppDelegateSwizzler (7.7.0):
    - GoogleUtilities/Environment
    - GoogleUtilities/Logger
    - GoogleUtilities/Network
  - GoogleUtilities/Environment (7.7.0):
    - PromisesObjC (< 3.0, >= 1.2)
  - GoogleUtilities/Logger (7.7.0):
    - GoogleUtilities/Environment
  - GoogleUtilities/Network (7.7.0):
    - GoogleUtilities/Logger
    - "GoogleUtilities/NSData+zlib"
    - GoogleUtilities/Reachability
  - "GoogleUtilities/NSData+zlib (7.7.0)"
  - GoogleUtilities/Reachability (7.7.0):
    - GoogleUtilities/Logger
  - GoogleUtilities/UserDefaults (7.7.0):
    - GoogleUtilities/Logger
  - libevent (2.1.12)
  - nanopb (2.30908.0):
    - nanopb/decode (= 2.30908.0)
    - nanopb/encode (= 2.30908.0)
  - nanopb/decode (2.30908.0)
  - nanopb/encode (2.30908.0)
  - OpenSSL-Universal (1.1.1100)
  - PromisesObjC (2.1.0)
  - RCT-Folly (2020.01.13.00):
    - boost-for-react-native
    - DoubleConversion
    - glog
    - RCT-Folly/Default (= 2020.01.13.00)
  - RCT-Folly/Default (2020.01.13.00):
    - boost-for-react-native
    - DoubleConversion
    - glog
  - RCTRequired (0.64.3)
  - RCTTypeSafety (0.64.3):
    - FBLazyVector (= 0.64.3)
    - RCT-Folly (= 2020.01.13.00)
    - RCTRequired (= 0.64.3)
    - React-Core (= 0.64.3)
  - React (0.64.3):
    - React-Core (= 0.64.3)
    - React-Core/DevSupport (= 0.64.3)
    - React-Core/RCTWebSocket (= 0.64.3)
    - React-RCTActionSheet (= 0.64.3)
    - React-RCTAnimation (= 0.64.3)
    - React-RCTBlob (= 0.64.3)
    - React-RCTImage (= 0.64.3)
    - React-RCTLinking (= 0.64.3)
    - React-RCTNetwork (= 0.64.3)
    - React-RCTSettings (= 0.64.3)
    - React-RCTText (= 0.64.3)
    - React-RCTVibration (= 0.64.3)
  - React-callinvoker (0.64.3)
  - React-Core (0.64.3):
    - glog
    - RCT-Folly (= 2020.01.13.00)
    - React-Core/Default (= 0.64.3)
    - React-cxxreact (= 0.64.3)
    - React-jsi (= 0.64.3)
    - React-jsiexecutor (= 0.64.3)
    - React-perflogger (= 0.64.3)
    - Yoga
  - React-Core/CoreModulesHeaders (0.64.3):
    - glog
    - RCT-Folly (= 2020.01.13.00)
    - React-Core/Default
    - React-cxxreact (= 0.64.3)
    - React-jsi (= 0.64.3)
    - React-jsiexecutor (= 0.64.3)
    - React-perflogger (= 0.64.3)
    - Yoga
  - React-Core/Default (0.64.3):
    - glog
    - RCT-Folly (= 2020.01.13.00)
    - React-cxxreact (= 0.64.3)
    - React-jsi (= 0.64.3)
    - React-jsiexecutor (= 0.64.3)
    - React-perflogger (= 0.64.3)
    - Yoga
  - React-Core/DevSupport (0.64.3):
    - glog
    - RCT-Folly (= 2020.01.13.00)
    - React-Core/Default (= 0.64.3)
    - React-Core/RCTWebSocket (= 0.64.3)
    - React-cxxreact (= 0.64.3)
    - React-jsi (= 0.64.3)
    - React-jsiexecutor (= 0.64.3)
    - React-jsinspector (= 0.64.3)
    - React-perflogger (= 0.64.3)
    - Yoga
  - React-Core/RCTActionSheetHeaders (0.64.3):
    - glog
    - RCT-Folly (= 2020.01.13.00)
    - React-Core/Default
    - React-cxxreact (= 0.64.3)
    - React-jsi (= 0.64.3)
    - React-jsiexecutor (= 0.64.3)
    - React-perflogger (= 0.64.3)
    - Yoga
  - React-Core/RCTAnimationHeaders (0.64.3):
    - glog
    - RCT-Folly (= 2020.01.13.00)
    - React-Core/Default
    - React-cxxreact (= 0.64.3)
    - React-jsi (= 0.64.3)
    - React-jsiexecutor (= 0.64.3)
    - React-perflogger (= 0.64.3)
    - Yoga
  - React-Core/RCTBlobHeaders (0.64.3):
    - glog
    - RCT-Folly (= 2020.01.13.00)
    - React-Core/Default
    - React-cxxreact (= 0.64.3)
    - React-jsi (= 0.64.3)
    - React-jsiexecutor (= 0.64.3)
    - React-perflogger (= 0.64.3)
    - Yoga
  - React-Core/RCTImageHeaders (0.64.3):
    - glog
    - RCT-Folly (= 2020.01.13.00)
    - React-Core/Default
    - React-cxxreact (= 0.64.3)
    - React-jsi (= 0.64.3)
    - React-jsiexecutor (= 0.64.3)
    - React-perflogger (= 0.64.3)
    - Yoga
  - React-Core/RCTLinkingHeaders (0.64.3):
    - glog
    - RCT-Folly (= 2020.01.13.00)
    - React-Core/Default
    - React-cxxreact (= 0.64.3)
    - React-jsi (= 0.64.3)
    - React-jsiexecutor (= 0.64.3)
    - React-perflogger (= 0.64.3)
    - Yoga
  - React-Core/RCTNetworkHeaders (0.64.3):
    - glog
    - RCT-Folly (= 2020.01.13.00)
    - React-Core/Default
    - React-cxxreact (= 0.64.3)
    - React-jsi (= 0.64.3)
    - React-jsiexecutor (= 0.64.3)
    - React-perflogger (= 0.64.3)
    - Yoga
  - React-Core/RCTSettingsHeaders (0.64.3):
    - glog
    - RCT-Folly (= 2020.01.13.00)
    - React-Core/Default
    - React-cxxreact (= 0.64.3)
    - React-jsi (= 0.64.3)
    - React-jsiexecutor (= 0.64.3)
    - React-perflogger (= 0.64.3)
    - Yoga
  - React-Core/RCTTextHeaders (0.64.3):
    - glog
    - RCT-Folly (= 2020.01.13.00)
    - React-Core/Default
    - React-cxxreact (= 0.64.3)
    - React-jsi (= 0.64.3)
    - React-jsiexecutor (= 0.64.3)
    - React-perflogger (= 0.64.3)
    - Yoga
  - React-Core/RCTVibrationHeaders (0.64.3):
    - glog
    - RCT-Folly (= 2020.01.13.00)
    - React-Core/Default
    - React-cxxreact (= 0.64.3)
    - React-jsi (= 0.64.3)
    - React-jsiexecutor (= 0.64.3)
    - React-perflogger (= 0.64.3)
    - Yoga
  - React-Core/RCTWebSocket (0.64.3):
    - glog
    - RCT-Folly (= 2020.01.13.00)
    - React-Core/Default (= 0.64.3)
    - React-cxxreact (= 0.64.3)
    - React-jsi (= 0.64.3)
    - React-jsiexecutor (= 0.64.3)
    - React-perflogger (= 0.64.3)
    - Yoga
  - React-CoreModules (0.64.3):
    - FBReactNativeSpec (= 0.64.3)
    - RCT-Folly (= 2020.01.13.00)
    - RCTTypeSafety (= 0.64.3)
    - React-Core/CoreModulesHeaders (= 0.64.3)
    - React-jsi (= 0.64.3)
    - React-RCTImage (= 0.64.3)
    - ReactCommon/turbomodule/core (= 0.64.3)
  - React-cxxreact (0.64.3):
    - boost-for-react-native (= 1.63.0)
    - DoubleConversion
    - glog
    - RCT-Folly (= 2020.01.13.00)
    - React-callinvoker (= 0.64.3)
    - React-jsi (= 0.64.3)
    - React-jsinspector (= 0.64.3)
    - React-perflogger (= 0.64.3)
    - React-runtimeexecutor (= 0.64.3)
  - React-jsi (0.64.3):
    - boost-for-react-native (= 1.63.0)
    - DoubleConversion
    - glog
    - RCT-Folly (= 2020.01.13.00)
    - React-jsi/Default (= 0.64.3)
  - React-jsi/Default (0.64.3):
    - boost-for-react-native (= 1.63.0)
    - DoubleConversion
    - glog
    - RCT-Folly (= 2020.01.13.00)
  - React-jsiexecutor (0.64.3):
    - DoubleConversion
    - glog
    - RCT-Folly (= 2020.01.13.00)
    - React-cxxreact (= 0.64.3)
    - React-jsi (= 0.64.3)
    - React-perflogger (= 0.64.3)
  - React-jsinspector (0.64.3)
  - react-native-flipper (0.140.0):
    - React-Core
  - react-native-music-control (0.10.8):
    - React
  - react-native-safe-area-context (3.3.2):
    - React-Core
  - react-native-webview (11.15.0):
    - React-Core
  - React-perflogger (0.64.3)
  - React-RCTActionSheet (0.64.3):
    - React-Core/RCTActionSheetHeaders (= 0.64.3)
  - React-RCTAnimation (0.64.3):
    - FBReactNativeSpec (= 0.64.3)
    - RCT-Folly (= 2020.01.13.00)
    - RCTTypeSafety (= 0.64.3)
    - React-Core/RCTAnimationHeaders (= 0.64.3)
    - React-jsi (= 0.64.3)
    - ReactCommon/turbomodule/core (= 0.64.3)
  - React-RCTBlob (0.64.3):
    - FBReactNativeSpec (= 0.64.3)
    - RCT-Folly (= 2020.01.13.00)
    - React-Core/RCTBlobHeaders (= 0.64.3)
    - React-Core/RCTWebSocket (= 0.64.3)
    - React-jsi (= 0.64.3)
    - React-RCTNetwork (= 0.64.3)
    - ReactCommon/turbomodule/core (= 0.64.3)
  - React-RCTImage (0.64.3):
    - FBReactNativeSpec (= 0.64.3)
    - RCT-Folly (= 2020.01.13.00)
    - RCTTypeSafety (= 0.64.3)
    - React-Core/RCTImageHeaders (= 0.64.3)
    - React-jsi (= 0.64.3)
    - React-RCTNetwork (= 0.64.3)
    - ReactCommon/turbomodule/core (= 0.64.3)
  - React-RCTLinking (0.64.3):
    - FBReactNativeSpec (= 0.64.3)
    - React-Core/RCTLinkingHeaders (= 0.64.3)
    - React-jsi (= 0.64.3)
    - ReactCommon/turbomodule/core (= 0.64.3)
  - React-RCTNetwork (0.64.3):
    - FBReactNativeSpec (= 0.64.3)
    - RCT-Folly (= 2020.01.13.00)
    - RCTTypeSafety (= 0.64.3)
    - React-Core/RCTNetworkHeaders (= 0.64.3)
    - React-jsi (= 0.64.3)
    - ReactCommon/turbomodule/core (= 0.64.3)
  - React-RCTSettings (0.64.3):
    - FBReactNativeSpec (= 0.64.3)
    - RCT-Folly (= 2020.01.13.00)
    - RCTTypeSafety (= 0.64.3)
    - React-Core/RCTSettingsHeaders (= 0.64.3)
    - React-jsi (= 0.64.3)
    - ReactCommon/turbomodule/core (= 0.64.3)
  - React-RCTText (0.64.3):
    - React-Core/RCTTextHeaders (= 0.64.3)
  - React-RCTVibration (0.64.3):
    - FBReactNativeSpec (= 0.64.3)
    - RCT-Folly (= 2020.01.13.00)
    - React-Core/RCTVibrationHeaders (= 0.64.3)
    - React-jsi (= 0.64.3)
    - ReactCommon/turbomodule/core (= 0.64.3)
  - React-runtimeexecutor (0.64.3):
    - React-jsi (= 0.64.3)
  - ReactCommon/turbomodule/core (0.64.3):
    - DoubleConversion
    - glog
    - RCT-Folly (= 2020.01.13.00)
    - React-callinvoker (= 0.64.3)
    - React-Core (= 0.64.3)
    - React-cxxreact (= 0.64.3)
    - React-jsi (= 0.64.3)
    - React-perflogger (= 0.64.3)
  - ReactNativeART (1.2.0):
    - React
  - RNCAsyncStorage (1.17.1):
    - React-Core
  - RNCMaskedView (0.1.11):
    - React
  - RNFBApp (14.9.1):
    - Firebase/CoreOnly (= 8.15.0)
    - React-Core
  - RNFBMessaging (14.9.1):
    - Firebase/Messaging (= 8.15.0)
    - React-Core
    - RNFBApp
  - RNGestureHandler (2.1.3):
    - React-Core
  - RNReanimated (2.3.3):
    - DoubleConversion
    - FBLazyVector
    - FBReactNativeSpec
    - glog
    - RCT-Folly
    - RCTRequired
    - RCTTypeSafety
    - React
    - React-callinvoker
    - React-Core
    - React-Core/DevSupport
    - React-Core/RCTWebSocket
    - React-CoreModules
    - React-cxxreact
    - React-jsi
    - React-jsiexecutor
    - React-jsinspector
    - React-RCTActionSheet
    - React-RCTAnimation
    - React-RCTBlob
    - React-RCTImage
    - React-RCTLinking
    - React-RCTNetwork
    - React-RCTSettings
    - React-RCTText
    - ReactCommon/turbomodule/core
    - Yoga
  - RNScreens (3.10.2):
    - React-Core
    - React-RCTImage
  - SocketRocket (0.6.0)
  - UMAppLoader (3.0.1)
  - UMTaskManagerInterface (7.0.3):
    - ExpoModulesCore
  - Yoga (1.14.0)
  - YogaKit (1.18.1):
    - Yoga (~> 1.14)

DEPENDENCIES:
  - DoubleConversion (from `../node_modules/react-native/third-party-podspecs/DoubleConversion.podspec`)
  - EXApplication (from `../node_modules/expo-application/ios`)
  - EXAV (from `../node_modules/expo-av/ios`)
  - EXConstants (from `../node_modules/expo-constants/ios`)
  - EXDevice (from `../node_modules/expo-device/ios`)
  - EXErrorRecovery (from `../node_modules/expo-error-recovery/ios`)
  - EXFileSystem (from `../node_modules/expo-file-system/ios`)
  - EXFont (from `../node_modules/expo-font/ios`)
  - EXImageLoader (from `../node_modules/expo-image-loader/ios`)
  - EXJSONUtils (from `../node_modules/expo-json-utils/ios`)
  - EXKeepAwake (from `../node_modules/expo-keep-awake/ios`)
  - EXManifests (from `../node_modules/expo-manifests/ios`)
  - Expo (from `../node_modules/expo/ios`)
  - ExpoLinearGradient (from `../node_modules/expo-linear-gradient/ios`)
  - ExpoModulesCore (from `../node_modules/expo-modules-core/ios`)
  - EXSecureStore (from `../node_modules/expo-secure-store/ios`)
  - EXSplashScreen (from `../node_modules/expo-splash-screen/ios`)
  - EXStructuredHeaders (from `../node_modules/expo-structured-headers/ios`)
  - EXUpdates (from `../node_modules/expo-updates/ios`)
  - EXUpdatesInterface (from `../node_modules/expo-updates-interface/ios`)
  - EXWebBrowser (from `../node_modules/expo-web-browser/ios`)
  - FBLazyVector (from `../node_modules/react-native/Libraries/FBLazyVector`)
  - FBReactNativeSpec (from `../node_modules/react-native/React/FBReactNativeSpec`)
  - Flipper (= 0.140.0)
  - Flipper-DoubleConversion (= 1.1.7)
  - Flipper-Folly (~> 2.6)
  - Flipper-Glog (= 0.3.6)
  - Flipper-PeerTalk (~> 0.0.4)
  - Flipper-RSocket (~> 1.3)
  - FlipperKit (= 0.140.0)
  - FlipperKit/Core (= 0.140.0)
  - FlipperKit/CppBridge (= 0.140.0)
  - FlipperKit/FBCxxFollyDynamicConvert (= 0.140.0)
  - FlipperKit/FBDefines (= 0.140.0)
  - FlipperKit/FKPortForwarding (= 0.140.0)
  - FlipperKit/FlipperKitHighlightOverlay (= 0.140.0)
  - FlipperKit/FlipperKitLayoutPlugin (= 0.140.0)
  - FlipperKit/FlipperKitLayoutTextSearchable (= 0.140.0)
  - FlipperKit/FlipperKitNetworkPlugin (= 0.140.0)
  - FlipperKit/FlipperKitReactPlugin (= 0.140.0)
  - FlipperKit/FlipperKitUserDefaultsPlugin (= 0.140.0)
  - FlipperKit/SKIOSNetworkPlugin (= 0.140.0)
  - glog (from `../node_modules/react-native/third-party-podspecs/glog.podspec`)
  - RCT-Folly (from `../node_modules/react-native/third-party-podspecs/RCT-Folly.podspec`)
  - RCTRequired (from `../node_modules/react-native/Libraries/RCTRequired`)
  - RCTTypeSafety (from `../node_modules/react-native/Libraries/TypeSafety`)
  - React (from `../node_modules/react-native/`)
  - React-callinvoker (from `../node_modules/react-native/ReactCommon/callinvoker`)
  - React-Core (from `../node_modules/react-native/`)
  - React-Core/DevSupport (from `../node_modules/react-native/`)
  - React-Core/RCTWebSocket (from `../node_modules/react-native/`)
  - React-CoreModules (from `../node_modules/react-native/React/CoreModules`)
  - React-cxxreact (from `../node_modules/react-native/ReactCommon/cxxreact`)
  - React-jsi (from `../node_modules/react-native/ReactCommon/jsi`)
  - React-jsiexecutor (from `../node_modules/react-native/ReactCommon/jsiexecutor`)
  - React-jsinspector (from `../node_modules/react-native/ReactCommon/jsinspector`)
  - react-native-flipper (from `../node_modules/react-native-flipper`)
  - react-native-music-control (from `../node_modules/react-native-music-control`)
  - react-native-safe-area-context (from `../node_modules/react-native-safe-area-context`)
  - react-native-webview (from `../node_modules/react-native-webview`)
  - React-perflogger (from `../node_modules/react-native/ReactCommon/reactperflogger`)
  - React-RCTActionSheet (from `../node_modules/react-native/Libraries/ActionSheetIOS`)
  - React-RCTAnimation (from `../node_modules/react-native/Libraries/NativeAnimation`)
  - React-RCTBlob (from `../node_modules/react-native/Libraries/Blob`)
  - React-RCTImage (from `../node_modules/react-native/Libraries/Image`)
  - React-RCTLinking (from `../node_modules/react-native/Libraries/LinkingIOS`)
  - React-RCTNetwork (from `../node_modules/react-native/Libraries/Network`)
  - React-RCTSettings (from `../node_modules/react-native/Libraries/Settings`)
  - React-RCTText (from `../node_modules/react-native/Libraries/Text`)
  - React-RCTVibration (from `../node_modules/react-native/Libraries/Vibration`)
  - React-runtimeexecutor (from `../node_modules/react-native/ReactCommon/runtimeexecutor`)
  - ReactCommon/turbomodule/core (from `../node_modules/react-native/ReactCommon`)
  - "ReactNativeART (from `../node_modules/@react-native-community/art`)"
  - "RNCAsyncStorage (from `../node_modules/@react-native-async-storage/async-storage`)"
  - "RNCMaskedView (from `../node_modules/@react-native-community/masked-view`)"
  - "RNFBApp (from `../node_modules/@react-native-firebase/app`)"
  - "RNFBMessaging (from `../node_modules/@react-native-firebase/messaging`)"
  - RNGestureHandler (from `../node_modules/react-native-gesture-handler`)
  - RNReanimated (from `../node_modules/react-native-reanimated`)
  - RNScreens (from `../node_modules/react-native-screens`)
  - UMAppLoader (from `../node_modules/unimodules-app-loader/ios`)
  - UMTaskManagerInterface (from `../node_modules/unimodules-task-manager-interface/ios`)
  - Yoga (from `../node_modules/react-native/ReactCommon/yoga`)

SPEC REPOS:
  trunk:
    - boost-for-react-native
    - CocoaAsyncSocket
    - Firebase
    - FirebaseCore
    - FirebaseCoreDiagnostics
    - FirebaseInstallations
    - FirebaseMessaging
    - Flipper
    - Flipper-Boost-iOSX
    - Flipper-DoubleConversion
    - Flipper-Fmt
    - Flipper-Folly
    - Flipper-Glog
    - Flipper-PeerTalk
    - Flipper-RSocket
    - FlipperKit
    - GoogleDataTransport
    - GoogleUtilities
    - libevent
    - nanopb
    - OpenSSL-Universal
    - PromisesObjC
    - SocketRocket
    - YogaKit

EXTERNAL SOURCES:
  DoubleConversion:
    :podspec: "../node_modules/react-native/third-party-podspecs/DoubleConversion.podspec"
  EXApplication:
    :path: "../node_modules/expo-application/ios"
  EXAV:
    :path: "../node_modules/expo-av/ios"
  EXConstants:
    :path: "../node_modules/expo-constants/ios"
  EXDevice:
    :path: "../node_modules/expo-device/ios"
  EXErrorRecovery:
    :path: "../node_modules/expo-error-recovery/ios"
  EXFileSystem:
    :path: "../node_modules/expo-file-system/ios"
  EXFont:
    :path: "../node_modules/expo-font/ios"
  EXImageLoader:
    :path: "../node_modules/expo-image-loader/ios"
  EXJSONUtils:
    :path: "../node_modules/expo-json-utils/ios"
  EXKeepAwake:
    :path: "../node_modules/expo-keep-awake/ios"
  EXManifests:
    :path: "../node_modules/expo-manifests/ios"
  Expo:
    :path: "../node_modules/expo/ios"
  ExpoLinearGradient:
    :path: "../node_modules/expo-linear-gradient/ios"
  ExpoModulesCore:
    :path: "../node_modules/expo-modules-core/ios"
  EXSecureStore:
    :path: "../node_modules/expo-secure-store/ios"
  EXSplashScreen:
    :path: "../node_modules/expo-splash-screen/ios"
  EXStructuredHeaders:
    :path: "../node_modules/expo-structured-headers/ios"
  EXUpdates:
    :path: "../node_modules/expo-updates/ios"
  EXUpdatesInterface:
    :path: "../node_modules/expo-updates-interface/ios"
  EXWebBrowser:
    :path: "../node_modules/expo-web-browser/ios"
  FBLazyVector:
    :path: "../node_modules/react-native/Libraries/FBLazyVector"
  FBReactNativeSpec:
    :path: "../node_modules/react-native/React/FBReactNativeSpec"
  glog:
    :podspec: "../node_modules/react-native/third-party-podspecs/glog.podspec"
  RCT-Folly:
    :podspec: "../node_modules/react-native/third-party-podspecs/RCT-Folly.podspec"
  RCTRequired:
    :path: "../node_modules/react-native/Libraries/RCTRequired"
  RCTTypeSafety:
    :path: "../node_modules/react-native/Libraries/TypeSafety"
  React:
    :path: "../node_modules/react-native/"
  React-callinvoker:
    :path: "../node_modules/react-native/ReactCommon/callinvoker"
  React-Core:
    :path: "../node_modules/react-native/"
  React-CoreModules:
    :path: "../node_modules/react-native/React/CoreModules"
  React-cxxreact:
    :path: "../node_modules/react-native/ReactCommon/cxxreact"
  React-jsi:
    :path: "../node_modules/react-native/ReactCommon/jsi"
  React-jsiexecutor:
    :path: "../node_modules/react-native/ReactCommon/jsiexecutor"
  React-jsinspector:
    :path: "../node_modules/react-native/ReactCommon/jsinspector"
  react-native-flipper:
    :path: "../node_modules/react-native-flipper"
  react-native-music-control:
    :path: "../node_modules/react-native-music-control"
  react-native-safe-area-context:
    :path: "../node_modules/react-native-safe-area-context"
  react-native-webview:
    :path: "../node_modules/react-native-webview"
  React-perflogger:
    :path: "../node_modules/react-native/ReactCommon/reactperflogger"
  React-RCTActionSheet:
    :path: "../node_modules/react-native/Libraries/ActionSheetIOS"
  React-RCTAnimation:
    :path: "../node_modules/react-native/Libraries/NativeAnimation"
  React-RCTBlob:
    :path: "../node_modules/react-native/Libraries/Blob"
  React-RCTImage:
    :path: "../node_modules/react-native/Libraries/Image"
  React-RCTLinking:
    :path: "../node_modules/react-native/Libraries/LinkingIOS"
  React-RCTNetwork:
    :path: "../node_modules/react-native/Libraries/Network"
  React-RCTSettings:
    :path: "../node_modules/react-native/Libraries/Settings"
  React-RCTText:
    :path: "../node_modules/react-native/Libraries/Text"
  React-RCTVibration:
    :path: "../node_modules/react-native/Libraries/Vibration"
  React-runtimeexecutor:
    :path: "../node_modules/react-native/ReactCommon/runtimeexecutor"
  ReactCommon:
    :path: "../node_modules/react-native/ReactCommon"
  ReactNativeART:
    :path: "../node_modules/@react-native-community/art"
  RNCAsyncStorage:
    :path: "../node_modules/@react-native-async-storage/async-storage"
  RNCMaskedView:
    :path: "../node_modules/@react-native-community/masked-view"
  RNFBApp:
    :path: "../node_modules/@react-native-firebase/app"
  RNFBMessaging:
    :path: "../node_modules/@react-native-firebase/messaging"
  RNGestureHandler:
    :path: "../node_modules/react-native-gesture-handler"
  RNReanimated:
    :path: "../node_modules/react-native-reanimated"
  RNScreens:
    :path: "../node_modules/react-native-screens"
  UMAppLoader:
    :path: "../node_modules/unimodules-app-loader/ios"
  UMTaskManagerInterface:
    :path: "../node_modules/unimodules-task-manager-interface/ios"
  Yoga:
    :path: "../node_modules/react-native/ReactCommon/yoga"

SPEC CHECKSUMS:
  boost-for-react-native: 39c7adb57c4e60d6c5479dd8623128eb5b3f0f2c
  CocoaAsyncSocket: 065fd1e645c7abab64f7a6a2007a48038fdc6a99
  DoubleConversion: cf9b38bf0b2d048436d9a82ad2abe1404f11e7de
  EXApplication: 54fe5bd6268d697771645e8f1aef8b806a65247a
  EXAV: b9ed0c201092244c46aa78f907f5c66176bed236
  EXConstants: 88bf79622fbd9b476c96d8ec57fe97ca44fe8e3c
  EXDevice: aa5e1edbf350481a948c3258b750dd11e6e4579e
  EXErrorRecovery: b0d7582714a2cc896e94a2308a356f94dbf14ef7
  EXFileSystem: 08a3033ac372b6346becf07839e1ccef26fb1058
  EXFont: 2597c10ac85a69d348d44d7873eccf5a7576ef5e
  EXImageLoader: 939451be6f7b731aaa6588920b90743f20121a4d
  EXJSONUtils: 5ee0d5cf76da70ad86f0be1a41cc70f47d69e06f
  EXKeepAwake: bf48d7f740a5cd2befed6cf9a49911d385c6c47d
  EXManifests: d3464cd2278f4a19cd80c1aa673231570b534c11
  Expo: 534e51e607aba8229293297da5585f4b26f50fa1
  ExpoLinearGradient: fd591c223c81f6779036ed4cef4deb20ecb87c50
  ExpoModulesCore: 32c0ccb47f477d330ee93db72505380adf0de09a
  EXSecureStore: b80c74c5ee29d0160c2aace3fd9a24a5edc20015
  EXSplashScreen: 21669e598804ee810547dbb6692c8deb5dd8dbf3
  EXStructuredHeaders: 4993087b2010dbcc510f5d92555b36f523425e8d
  EXUpdates: bd5fa64f02685ed3e96be86b5ca350cdc2cd8d02
  EXUpdatesInterface: a9814f422d3cd6e7cfd260d13c27786148ece20e
  EXWebBrowser: f1573262c5de753987ed526c630076eda130804d
  FBLazyVector: c71c5917ec0ad2de41d5d06a5855f6d5eda06971
  FBReactNativeSpec: 81811e811b1e75c371752e1c10de249c2a4387c8
  Firebase: 5f8193dff4b5b7c5d5ef72ae54bb76c08e2b841d
  FirebaseCore: 5743c5785c074a794d35f2fff7ecc254a91e08b1
  FirebaseCoreDiagnostics: 92e07a649aeb66352b319d43bdd2ee3942af84cb
  FirebaseInstallations: 40bd9054049b2eae9a2c38ef1c3dd213df3605cd
  FirebaseMessaging: 5e5118a2383b3531e730d974680954c679ca0a13
  Flipper: 997954148b0653aeea8664d62fc1342480f8e31e
  Flipper-Boost-iOSX: fd1e2b8cbef7e662a122412d7ac5f5bea715403c
  Flipper-DoubleConversion: 38631e41ef4f9b12861c67d17cb5518d06badc41
  Flipper-Fmt: 60cbdd92fc254826e61d669a5d87ef7015396a9b
  Flipper-Folly: 584845625005ff068a6ebf41f857f468decd26b3
  Flipper-Glog: 1dfd6abf1e922806c52ceb8701a3599a79a200a6
  Flipper-PeerTalk: 116d8f857dc6ef55c7a5a75ea3ceaafe878aadc9
  Flipper-RSocket: d9d9ade67cbecf6ac10730304bf5607266dd2541
  FlipperKit: c77621ee0eaccc778a4439e120f3836ecd983234
  glog: 73c2498ac6884b13ede40eda8228cb1eee9d9d62
  GoogleDataTransport: 629c20a4d363167143f30ea78320d5a7eb8bd940
  GoogleUtilities: e0913149f6b0625b553d70dae12b49fc62914fd1
  libevent: 4049cae6c81cdb3654a443be001fb9bdceff7913
  nanopb: a0ba3315591a9ae0a16a309ee504766e90db0c96
  OpenSSL-Universal: ebc357f1e6bc71fa463ccb2fe676756aff50e88c
  PromisesObjC: 99b6f43f9e1044bd87a95a60beff28c2c44ddb72
  RCT-Folly: ec7a233ccc97cc556cf7237f0db1ff65b986f27c
  RCTRequired: d34bf57e17cb6e3b2681f4809b13843c021feb6c
  RCTTypeSafety: 8dab4933124ed39bb0c1d88d74d61b1eb950f28f
  React: ef700aeb19afabff83a9cc5799ac955a9c6b5e0f
  React-callinvoker: 5547633d44f3e114b17c03c660ccb5faefd9ed2d
  React-Core: 3858d60185d71567962468bf176d582e36e4e25b
  React-CoreModules: 29b3397adac0c04915cf93089328664868510717
  React-cxxreact: 7e6cc1f4cdfcd40e483dd228fa8a3d3e0ed16f4a
  React-jsi: a8b09c29521c798f1783348b37b511ba7b3dbeb3
  React-jsiexecutor: df6abc9fafbecb8e5b7a5fbc5e6d4bd017d594d5
  React-jsinspector: 34e23860273a23695342f58eed3ffd3ba10c31e0
  react-native-flipper: cfc4ad1de608a27b9dd9f544b820cb1e1897aceb
  react-native-music-control: dcfe5b61e56a15898c4618579cb8ce612c9d21a8
  react-native-safe-area-context: 584dc04881deb49474363f3be89e4ca0e854c057
  react-native-webview: e89bf2dba26a04cda967814df3ed1be99f291233
  React-perflogger: cc76a4254d19640f1d8ad1c66fdee800414b805c
  React-RCTActionSheet: 7448f049318d8d7e8a9a1ebb742ada721757eea8
  React-RCTAnimation: fb9b3fa1a4a9f5e6ab01b3368693ce69860ba76a
  React-RCTBlob: a2e7056601c599c19884992f08ebacae810426f9
  React-RCTImage: 5a46c12327d0d6f6844a1fe38baa92a1e02847e8
  React-RCTLinking: 63dd8305591e1def35267557ed42918aec9eb30b
  React-RCTNetwork: d0516e39a5f736b2bff671c3e03804200161dcd3
  React-RCTSettings: a09566b14f1649f6c8a39ad1a174bb5c0631bb09
  React-RCTText: 04a2f0a281f715f0aed4f515717fafd64510e2c8
  React-RCTVibration: c7f845861e79eae13dc1e8217a3cf47a3945b504
  React-runtimeexecutor: 493d9abb8b23c3f84e19ae221eeba92cadcb70dc
  ReactCommon: 8fea6422328e2fc093e25c9fac67adbcf0f04fb4
  ReactNativeART: 78edc68dd4a1e675338cd0cd113319cf3a65f2ab
  RNCAsyncStorage: 4e17811bcadfdc068cd3e2bb896f0fea0198710d
  RNCMaskedView: 0e1bc4bfa8365eba5fbbb71e07fbdc0555249489
  RNFBApp: fd23737680ed2bdde41ca27d8bfb171b6d668c6b
  RNFBMessaging: cd273b4dcacf98c83a25ce1711c8c85511573990
  RNGestureHandler: e1099204721a17a89c81fcd1cc2e92143dc040fb
  RNReanimated: 0e5ef4a7e4e79f84efbe5b40771c31044c51e7d0
  RNScreens: d6da2b9e29cf523832c2542f47bf1287318b1868
  SocketRocket: fccef3f9c5cedea1353a9ef6ada904fde10d6608
  UMAppLoader: 2ee9f1278d315672f4854c6a2310aa9988f61f72
  UMTaskManagerInterface: 5654c50e68af11b19b9d05452bacf23d19b3f30f
  Yoga: e6ecf3fa25af9d4c87e94ad7d5d292eedef49749
  YogaKit: f782866e155069a2cca2517aafea43200b01fd5a

PODFILE CHECKSUM: 6f73fa71e885cb2f69b060d24e3ec14b15985bfc

COCOAPODS: 1.11.3
